
Microsoft Visual Studio Solution File, Format Version 12.00
# Visual Studio 15
VisualStudioVersion = 15.0.28010.2036
MinimumVisualStudioVersion = 10.0.40219.1
Project("{159641D6-6404-4A2A-AE62-294DE0FE8301}") = "StarWars", "StarWars.dtproj", "{E0F0A5D9-6F43-4D1A-874A-B23CEA8577A5}"
EndProject
Project("{00D1A9C2-B5F0-4AF3-8072-F6C62B433612}") = "StarWarsDatabase", "StarWarsDatabase\StarWarsDatabase.sqlproj", "{C87D5678-D381-4F9D-A406-AD0206A96C01}"
EndProject
Global
	GlobalSection(SolutionConfigurationPlatforms) = preSolution
		Debug|Any CPU = Debug|Any CPU
		DebugLocal|Any CPU = DebugLocal|Any CPU
		Development|Any CPU = Development|Any CPU
		Release|Any CPU = Release|Any CPU
	EndGlobalSection
	GlobalSection(ProjectConfigurationPlatforms) = postSolution
		{E0F0A5D9-6F43-4D1A-874A-B23CEA8577A5}.Debug|Any CPU.ActiveCfg = Development
		{E0F0A5D9-6F43-4D1A-874A-B23CEA8577A5}.Debug|Any CPU.Build.0 = Development
		{E0F0A5D9-6F43-4D1A-874A-B23CEA8577A5}.DebugLocal|Any CPU.ActiveCfg = Development
		{E0F0A5D9-6F43-4D1A-874A-B23CEA8577A5}.DebugLocal|Any CPU.Build.0 = Development
		{E0F0A5D9-6F43-4D1A-874A-B23CEA8577A5}.Development|Any CPU.ActiveCfg = Development
		{E0F0A5D9-6F43-4D1A-874A-B23CEA8577A5}.Development|Any CPU.Build.0 = Development
		{E0F0A5D9-6F43-4D1A-874A-B23CEA8577A5}.Release|Any CPU.ActiveCfg = Development
		{E0F0A5D9-6F43-4D1A-874A-B23CEA8577A5}.Release|Any CPU.Build.0 = Development
		{C87D5678-D381-4F9D-A406-AD0206A96C01}.Debug|Any CPU.ActiveCfg = Debug|Any CPU
		{C87D5678-D381-4F9D-A406-AD0206A96C01}.Debug|Any CPU.Build.0 = Debug|Any CPU
		{C87D5678-D381-4F9D-A406-AD0206A96C01}.Debug|Any CPU.Deploy.0 = Debug|Any CPU
		{C87D5678-D381-4F9D-A406-AD0206A96C01}.DebugLocal|Any CPU.ActiveCfg = Debug|Any CPU
		{C87D5678-D381-4F9D-A406-AD0206A96C01}.DebugLocal|Any CPU.Build.0 = Debug|Any CPU
		{C87D5678-D381-4F9D-A406-AD0206A96C01}.DebugLocal|Any CPU.Deploy.0 = Debug|Any CPU
		{C87D5678-D381-4F9D-A406-AD0206A96C01}.Development|Any CPU.ActiveCfg = Debug|Any CPU
		{C87D5678-D381-4F9D-A406-AD0206A96C01}.Development|Any CPU.Build.0 = Debug|Any CPU
		{C87D5678-D381-4F9D-A406-AD0206A96C01}.Development|Any CPU.Deploy.0 = Debug|Any CPU
		{C87D5678-D381-4F9D-A406-AD0206A96C01}.Release|Any CPU.ActiveCfg = Release|Any CPU
		{C87D5678-D381-4F9D-A406-AD0206A96C01}.Release|Any CPU.Build.0 = Release|Any CPU
		{C87D5678-D381-4F9D-A406-AD0206A96C01}.Release|Any CPU.Deploy.0 = Release|Any CPU
	EndGlobalSection
	GlobalSection(SolutionProperties) = preSolution
		HideSolutionNode = FALSE
	EndGlobalSection
	GlobalSection(ExtensibilityGlobals) = postSolution
		SolutionGuid = {9FEEAB55-5741-40CE-90B0-270C0322DA8A}
	EndGlobalSection
EndGlobal
